
Microsoft Visual Studio Solution File, Format Version 12.00
# Visual Studio Version 16
VisualStudioVersion = 16.0.30804.86
MinimumVisualStudioVersion = 10.0.40219.1
Project("{FAE04EC0-301F-11D3-BF4B-00C04F79EFBC}") = "Hangfile Job Scheduler", "Hangfile Job Scheduler\Hangfile Job Scheduler.csproj", "{73D4E903-4098-4AC1-94B8-7D9903284FFD}"
EndProject
Global
	GlobalSection(SolutionConfigurationPlatforms) = preSolution
		Debug|Any CPU = Debug|Any CPU
		Release|Any CPU = Release|Any CPU
	EndGlobalSection
	GlobalSection(ProjectConfigurationPlatforms) = postSolution
		{73D4E903-4098-4AC1-94B8-7D9903284FFD}.Debug|Any CPU.ActiveCfg = Debug|Any CPU
		{73D4E903-4098-4AC1-94B8-7D9903284FFD}.Debug|Any CPU.Build.0 = Debug|Any CPU
		{73D4E903-4098-4AC1-94B8-7D9903284FFD}.Release|Any CPU.ActiveCfg = Release|Any CPU
		{73D4E903-4098-4AC1-94B8-7D9903284FFD}.Release|Any CPU.Build.0 = Release|Any CPU
	EndGlobalSection
	GlobalSection(SolutionProperties) = preSolution
		HideSolutionNode = FALSE
	EndGlobalSection
	GlobalSection(ExtensibilityGlobals) = postSolution
		SolutionGuid = {025D9E16-38DC-4CEE-8097-C378152DE63E}
	EndGlobalSection
EndGlobal
